
Microsoft Visual Studio Solution File, Format Version 12.00
# Visual Studio 15
VisualStudioVersion = 15.0.28307.852
MinimumVisualStudioVersion = 10.0.40219.1
Project("{FAE04EC0-301F-11D3-BF4B-00C04F79EFBC}") = "EShop.WebUI", "EShop.WebUI\EShop.WebUI.csproj", "{E7C08C3A-D36F-43B9-8C41-24D447CD7A9F}"
EndProject
Project("{FAE04EC0-301F-11D3-BF4B-00C04F79EFBC}") = "EShop.WebUI.Tests", "EShop.WebUI.Tests\EShop.WebUI.Tests.csproj", "{A3BE32D2-158A-4227-BE38-DF35E05DACA2}"
EndProject
Project("{FAE04EC0-301F-11D3-BF4B-00C04F79EFBC}") = "EShop.Core", "EShop.Core\EShop.Core.csproj", "{879E9E87-99A7-48E6-A239-80CF456FD6B2}"
EndProject
Project("{FAE04EC0-301F-11D3-BF4B-00C04F79EFBC}") = "EShop.Data.CacheMemory", "EShop.Data.CacheMemory\EShop.Data.CacheMemory.csproj", "{BBAD7D5D-8F79-42FB-9FC7-852775811579}"
EndProject
Project("{FAE04EC0-301F-11D3-BF4B-00C04F79EFBC}") = "EShop.Data.Sql", "EShop.Data.Sql\EShop.Data.Sql.csproj", "{34154A6F-3463-44BE-BF5D-32CF279A204D}"
EndProject
Project("{FAE04EC0-301F-11D3-BF4B-00C04F79EFBC}") = "EShop.Services", "EShop.Services\EShop.Services.csproj", "{BC2110EF-D810-46AA-A315-DDE1C8D3D7F0}"
EndProject
Global
	GlobalSection(SolutionConfigurationPlatforms) = preSolution
		Debug|Any CPU = Debug|Any CPU
		Release|Any CPU = Release|Any CPU
	EndGlobalSection
	GlobalSection(ProjectConfigurationPlatforms) = postSolution
		{E7C08C3A-D36F-43B9-8C41-24D447CD7A9F}.Debug|Any CPU.ActiveCfg = Debug|Any CPU
		{E7C08C3A-D36F-43B9-8C41-24D447CD7A9F}.Debug|Any CPU.Build.0 = Debug|Any CPU
		{E7C08C3A-D36F-43B9-8C41-24D447CD7A9F}.Release|Any CPU.ActiveCfg = Release|Any CPU
		{E7C08C3A-D36F-43B9-8C41-24D447CD7A9F}.Release|Any CPU.Build.0 = Release|Any CPU
		{A3BE32D2-158A-4227-BE38-DF35E05DACA2}.Debug|Any CPU.ActiveCfg = Debug|Any CPU
		{A3BE32D2-158A-4227-BE38-DF35E05DACA2}.Debug|Any CPU.Build.0 = Debug|Any CPU
		{A3BE32D2-158A-4227-BE38-DF35E05DACA2}.Release|Any CPU.ActiveCfg = Release|Any CPU
		{A3BE32D2-158A-4227-BE38-DF35E05DACA2}.Release|Any CPU.Build.0 = Release|Any CPU
		{879E9E87-99A7-48E6-A239-80CF456FD6B2}.Debug|Any CPU.ActiveCfg = Debug|Any CPU
		{879E9E87-99A7-48E6-A239-80CF456FD6B2}.Debug|Any CPU.Build.0 = Debug|Any CPU
		{879E9E87-99A7-48E6-A239-80CF456FD6B2}.Release|Any CPU.ActiveCfg = Release|Any CPU
		{879E9E87-99A7-48E6-A239-80CF456FD6B2}.Release|Any CPU.Build.0 = Release|Any CPU
		{BBAD7D5D-8F79-42FB-9FC7-852775811579}.Debug|Any CPU.ActiveCfg = Debug|Any CPU
		{BBAD7D5D-8F79-42FB-9FC7-852775811579}.Debug|Any CPU.Build.0 = Debug|Any CPU
		{BBAD7D5D-8F79-42FB-9FC7-852775811579}.Release|Any CPU.ActiveCfg = Release|Any CPU
		{BBAD7D5D-8F79-42FB-9FC7-852775811579}.Release|Any CPU.Build.0 = Release|Any CPU
		{34154A6F-3463-44BE-BF5D-32CF279A204D}.Debug|Any CPU.ActiveCfg = Debug|Any CPU
		{34154A6F-3463-44BE-BF5D-32CF279A204D}.Debug|Any CPU.Build.0 = Debug|Any CPU
		{34154A6F-3463-44BE-BF5D-32CF279A204D}.Release|Any CPU.ActiveCfg = Release|Any CPU
		{34154A6F-3463-44BE-BF5D-32CF279A204D}.Release|Any CPU.Build.0 = Release|Any CPU
		{BC2110EF-D810-46AA-A315-DDE1C8D3D7F0}.Debug|Any CPU.ActiveCfg = Debug|Any CPU
		{BC2110EF-D810-46AA-A315-DDE1C8D3D7F0}.Debug|Any CPU.Build.0 = Debug|Any CPU
		{BC2110EF-D810-46AA-A315-DDE1C8D3D7F0}.Release|Any CPU.ActiveCfg = Release|Any CPU
		{BC2110EF-D810-46AA-A315-DDE1C8D3D7F0}.Release|Any CPU.Build.0 = Release|Any CPU
	EndGlobalSection
	GlobalSection(SolutionProperties) = preSolution
		HideSolutionNode = FALSE
	EndGlobalSection
	GlobalSection(ExtensibilityGlobals) = postSolution
		SolutionGuid = {D0A39441-C41F-4A5F-A277-71189FF394F0}
	EndGlobalSection
EndGlobal
